<Solution>
  <Folder Name="/src/">
    <Project Path="src/HealthApi.Api/HealthApi.Api.csproj" />
    <Project Path="src/HealthApi.Domain/HealthApi.Domain.csproj" />
    <Project Path="src/HealthApi.EntityFramework/HealthApi.EntityFramework.csproj" />
    <Project Path="src/HealthApi.Functions/HealthApi.Functions.csproj" />
  </Folder>
</Solution>
